<Solution>
  <Project Path="PersonManager_DataLayer/PersonManager_DATABASE.sqlproj" Id="4c4f2971-85f5-4f0e-82e0-6fd1d66a5926">
    <Build />
    <Deploy />
  </Project>
  <Project Path="PersonManager_WEB-API/PersonManager_WEB-API.csproj" />
  <Project Path="PersonManager_WPF_CLIENT/PersonManager_WPF_CLIENT.csproj" />
</Solution>
